
Microsoft Visual Studio Solution File, Format Version 12.00
# Visual Studio 15
VisualStudioVersion = 15.0.28307.705
MinimumVisualStudioVersion = 10.0.40219.1
Project("{8BC9CEB8-8B4A-11D0-8D11-00A0C91BC942}") = "投资问题", "投资问题\投资问题.vcxproj", "{1B19252A-EC63-4BF9-918E-4F9DA7226756}"
EndProject
Global
	GlobalSection(SolutionConfigurationPlatforms) = preSolution
		Debug|x64 = Debug|x64
		Debug|x86 = Debug|x86
		Release|x64 = Release|x64
		Release|x86 = Release|x86
	EndGlobalSection
	GlobalSection(ProjectConfigurationPlatforms) = postSolution
		{1B19252A-EC63-4BF9-918E-4F9DA7226756}.Debug|x64.ActiveCfg = Debug|x64
		{1B19252A-EC63-4BF9-918E-4F9DA7226756}.Debug|x64.Build.0 = Debug|x64
		{1B19252A-EC63-4BF9-918E-4F9DA7226756}.Debug|x86.ActiveCfg = Debug|Win32
		{1B19252A-EC63-4BF9-918E-4F9DA7226756}.Debug|x86.Build.0 = Debug|Win32
		{1B19252A-EC63-4BF9-918E-4F9DA7226756}.Release|x64.ActiveCfg = Release|x64
		{1B19252A-EC63-4BF9-918E-4F9DA7226756}.Release|x64.Build.0 = Release|x64
		{1B19252A-EC63-4BF9-918E-4F9DA7226756}.Release|x86.ActiveCfg = Release|Win32
		{1B19252A-EC63-4BF9-918E-4F9DA7226756}.Release|x86.Build.0 = Release|Win32
	EndGlobalSection
	GlobalSection(SolutionProperties) = preSolution
		HideSolutionNode = FALSE
	EndGlobalSection
	GlobalSection(ExtensibilityGlobals) = postSolution
		SolutionGuid = {38B9616A-F868-4E5F-BFF1-7303EA9850AC}
	EndGlobalSection
EndGlobal
